
Microsoft Visual Studio Solution File, Format Version 12.00
# Visual Studio Version 17
VisualStudioVersion = 17.2.32630.192
MinimumVisualStudioVersion = 10.0.40219.1
Project("{FAE04EC0-301F-11D3-BF4B-00C04F79EFBC}") = "School_Management", "School_Management\School_Management.csproj", "{696048D8-D9BD-4441-ACFF-3A48BDB2A4E8}"
EndProject
Global
	GlobalSection(SolutionConfigurationPlatforms) = preSolution
		Debug|Any CPU = Debug|Any CPU
		Release|Any CPU = Release|Any CPU
	EndGlobalSection
	GlobalSection(ProjectConfigurationPlatforms) = postSolution
		{696048D8-D9BD-4441-ACFF-3A48BDB2A4E8}.Debug|Any CPU.ActiveCfg = Debug|Any CPU
		{696048D8-D9BD-4441-ACFF-3A48BDB2A4E8}.Debug|Any CPU.Build.0 = Debug|Any CPU
		{696048D8-D9BD-4441-ACFF-3A48BDB2A4E8}.Release|Any CPU.ActiveCfg = Release|Any CPU
		{696048D8-D9BD-4441-ACFF-3A48BDB2A4E8}.Release|Any CPU.Build.0 = Release|Any CPU
	EndGlobalSection
	GlobalSection(SolutionProperties) = preSolution
		HideSolutionNode = FALSE
	EndGlobalSection
	GlobalSection(ExtensibilityGlobals) = postSolution
		SolutionGuid = {82F0DE05-1892-431B-B8D9-6ADD660ACF55}
	EndGlobalSection
EndGlobal
